# This file is autogenerated, do not edit; changes may be undone by the next 'dep ensure'.


[[projects]]
  branch = "master"
  digest = "1:4ed971ed2665d8ae6bab1c1e8ac0d12f6dd9313e6ac0e852cf1aaa0727d9c999"
  name = "github.com/ETCDEVTeam/sputnikvm-ffi"
  packages = ["go/sputnikvm"]
  pruneopts = ""
  revision = "67fde4837870516c14cf253f8e956141c9d586f9"

[[projects]]
  branch = "master"
  digest = "1:d10e38b7e216d67e90d8cc58966bb239d5e79b74e6355d38d6ebc6eb480ec906"
  name = "github.com/Gustav-Simonsson/go-opencl"
  packages = ["cl"]
  pruneopts = ""
  revision = "593e01cfc4f3353585015321e01951d4a907d3ef"

[[projects]]
  digest = "1:317998b1359366dda9f69cdbd108c39c7b3813a69002246fac4e3548646c1620"
  name = "github.com/apex/log"
  packages = ["."]
  pruneopts = ""
  revision = "941dea75d3ebfbdd905a5d8b7b232965c5e5c684"
  version = "v1.1.0"

[[projects]]
  branch = "master"
  digest = "1:9f5a432e492fe11eb7d0d8a059524a8618358494f009670c23c8ce734ae70e1c"
  name = "github.com/aristanetworks/goarista"
  packages = ["monotime"]
  pruneopts = ""
  revision = "33151c4543a79b013e8e6799ef45b2ba88c3cd1c"

[[projects]]
  digest = "1:ed112122ed4a920d944cc99b9d00b0441c11685939c28462c719488d36fe29aa"
  name = "github.com/boltdb/bolt"
  packages = ["."]
  pruneopts = ""
  revision = "2f1ce7a837dcb8da3ec595b1dac9d0632f0f99e8"
  version = "v1.3.1"

[[projects]]
  branch = "master"
  digest = "1:83160035e81a0d248a1379f71b12e94c26b0cc8dab22994663af7e2e9ff9611b"
  name = "github.com/btcsuite/btcd"
  packages = ["btcec"]
  pruneopts = ""
  revision = "67e573d211ace594f1366b4ce9d39726c4b19bd0"

[[projects]]
  digest = "1:56c130d885a4aacae1dd9c7b71cfe39912c7ebc1ff7d2b46083c8812996dc43b"
  name = "github.com/davecgh/go-spew"
  packages = ["spew"]
  pruneopts = ""
  revision = "346938d642f2ec3594ed81d874461961cd0faa76"
  version = "v1.1.0"

[[projects]]
  digest = "1:aaeffbff5bd24654cb4c190ed75d6c7b57b4f5d6741914c1a7a6bb7447e756c5"
  name = "github.com/deckarep/golang-set"
  packages = ["."]
  pruneopts = ""
  revision = "cbaa98ba5575e67703b32b4b19f73c91f3c4159e"
  version = "v1.7.1"

[[projects]]
  digest = "1:56a1e92969217826675b46bf8dc099f498b8b2ebea34550b2caaf5fd15076adc"
  name = "github.com/denisbrodbeck/machineid"
  packages = ["."]
  pruneopts = ""
  revision = "2777226d0340d8da18b49993ce2b4aeb9c1c6929"
  version = "v0.8.0"

[[projects]]
  branch = "master"
  digest = "1:4c4a331124d70560f6da77d5088c10215e28a4b7fc1ee81eb4bc8400c86761cc"
  name = "github.com/edsrzf/mmap-go"
  packages = ["."]
  pruneopts = ""
  revision = "0bce6a6887123b67a60366d2c9fe2dfb74289d2e"

[[projects]]
  digest = "1:52020b0d8d20e2e73c4d6436aeb019d0f965bc73b81a7ea2547ab2b7023d4ef2"
  name = "github.com/ethereum/go-ethereum"
  packages = [
    ".",
    "accounts",
    "common",
    "common/bitutil",
    "common/hexutil",
    "common/math",
    "common/mclock",
    "consensus",
    "consensus/misc",
    "core",
    "core/rawdb",
    "core/state",
    "core/types",
    "core/vm",
    "crypto",
    "crypto/bn256",
    "crypto/bn256/cloudflare",
    "crypto/bn256/google",
    "crypto/secp256k1",
    "crypto/sha3",
    "ethdb",
    "event",
    "log",
    "metrics",
    "p2p/netutil",
    "params",
    "rlp",
    "rpc",
    "trie",
  ]
  pruneopts = ""
  revision = "225171a4bfcc16bd12a1906b1e0d43d0b18c353b"
  version = "v1.8.13"

[[projects]]
  branch = "master"
  digest = "1:60193a575031fd2ae85e1917455cb405cbc75ae7e07525e8288a78f9a3358201"
  name = "github.com/ethereumproject/benchmark"
  packages = [
    "rtprof",
    "rtprof/pprof/driver",
    "rtprof/pprof/internal/binutils",
    "rtprof/pprof/internal/driver",
    "rtprof/pprof/internal/elfexec",
    "rtprof/pprof/internal/graph",
    "rtprof/pprof/internal/measurement",
    "rtprof/pprof/internal/plugin",
    "rtprof/pprof/internal/report",
    "rtprof/pprof/internal/symbolizer",
    "rtprof/pprof/internal/symbolz",
    "rtprof/pprof/measurement",
    "rtprof/pprof/profile",
    "rtprof/pprof/third_party/d3",
    "rtprof/pprof/third_party/d3flamegraph",
    "rtprof/pprof/third_party/d3tip",
    "rtprof/pprof/third_party/svg",
  ]
  pruneopts = ""
  revision = "8eff34efba2579d41fe2fb772fe1a3c89f6496ce"

[[projects]]
  branch = "master"
  digest = "1:c51b33b2c54861c142eb43068e6c475c6130b09b8d98ce7693db20b142a1c11c"
  name = "github.com/ethereumproject/ethash"
  packages = ["."]
  pruneopts = ""
  revision = "65a5b25efc277ff0996160cc3c76a44bec7a11fb"

[[projects]]
  digest = "1:e988ed0ca0d81f4d28772760c02ee95084961311291bdfefc1b04617c178b722"
  name = "github.com/fatih/color"
  packages = ["."]
  pruneopts = ""
  revision = "5b77d2a35fb0ede96d138fc9a99f5c9b6aef11b4"
  version = "v1.7.0"

[[projects]]
  digest = "1:1f7c8d9d3401d33d7d2701f90bafe1e3a3e1780a4958de4a0433719445f0e931"
  name = "github.com/gizak/termui"
  packages = ["."]
  pruneopts = ""
  revision = "24acd523c756fd9728824cdfac66aad9d8982fb7"
  version = "v2.2.0"

[[projects]]
  digest = "1:a01080d20c45c031c13f3828c56e58f4f51d926a482ad10cc0316225097eb7ea"
  name = "github.com/go-stack/stack"
  packages = ["."]
  pruneopts = ""
  revision = "2fee6af1a9795aafbe0253a0cfbdf668e1fb8a9a"
  version = "v1.8.0"

[[projects]]
  branch = "master"
  digest = "1:09307dfb1aa3f49a2bf869dcfa4c6c06ecd3c207221bd1c1a1141f0e51f209eb"
  name = "github.com/golang/snappy"
  packages = ["."]
  pruneopts = ""
  revision = "553a641470496b2327abcac10b36396bd98e45c9"

[[projects]]
  branch = "master"
  digest = "1:43987212a2f16bfacc1a286e9118f212d60c136ed53c6c9477c18921db53140b"
  name = "github.com/hashicorp/golang-lru"
  packages = [
    ".",
    "simplelru",
  ]
  pruneopts = ""
  revision = "0a025b7e63adc15a622f29b0b2c4c3848243bbf6"

[[projects]]
  branch = "master"
  digest = "1:b5ef0f034b2eda02c19c2cfcccc9754b372c4e04fa593972fbd8e3d9813d8d98"
  name = "github.com/huin/goupnp"
  packages = [
    ".",
    "dcps/internetgateway1",
    "dcps/internetgateway2",
    "httpu",
    "scpd",
    "soap",
    "ssdp",
  ]
  pruneopts = ""
  revision = "dceda08e705b2acee36aab47d765ed801f64cfc7"

[[projects]]
  branch = "master"
  digest = "1:66588fe9a5857ab50c4be3a09f9896a357bcfc3abae7137fbd7174925ed2466a"
  name = "github.com/ianlancetaylor/demangle"
  packages = ["."]
  pruneopts = ""
  revision = "4883227f66371e02c4948937d3e2be1664d9be38"

[[projects]]
  digest = "1:76f836364ae83ed811c415aa92e1209ce49de9f62aad85b85fca749a8b96a110"
  name = "github.com/jackpal/go-nat-pmp"
  packages = ["."]
  pruneopts = ""
  revision = "c9cfead9f2a36ddf3daa40ba269aa7f4bbba6b62"
  version = "v1.0.1"

[[projects]]
  branch = "master"
  digest = "1:ccc20cacf54eb16464dad02efa1c14fa7c0b9e124639b0d2a51dcc87b0154e4c"
  name = "github.com/mailru/easyjson"
  packages = [
    ".",
    "buffer",
    "jlexer",
    "jwriter",
  ]
  pruneopts = ""
  revision = "32fa128f234d041f196a9f3e0fea5ac9772c08e1"

[[projects]]
  digest = "1:51c57d0b05ee746d29a6573c02d96bb35fef1c166112c251e7c4cbe8a1d2e172"
  name = "github.com/maruel/panicparse"
  packages = ["stack"]
  pruneopts = ""
  revision = "766956aceb8ff49664065ae50bef0ae8a0a83ec4"
  version = "v1.0.2"

[[projects]]
  digest = "1:9ea83adf8e96d6304f394d40436f2eb44c1dc3250d223b74088cc253a6cd0a1c"
  name = "github.com/mattn/go-colorable"
  packages = ["."]
  pruneopts = ""
  revision = "167de6bfdfba052fa6b2d3664c8f5272e23c9072"
  version = "v0.0.9"

[[projects]]
  digest = "1:78229b46ddb7434f881390029bd1af7661294af31f6802e0e1bedaad4ab0af3c"
  name = "github.com/mattn/go-isatty"
  packages = ["."]
  pruneopts = ""
  revision = "0360b2af4f38e8d38c7fce2a9f4e702702d73a39"
  version = "v0.0.3"

[[projects]]
  digest = "1:81e673df85e765593a863f67cba4544cf40e8919590f04d67664940786c2b61a"
  name = "github.com/mattn/go-runewidth"
  packages = ["."]
  pruneopts = ""
  revision = "9e777a8366cce605130a531d2cd6363d07ad7317"
  version = "v0.0.2"

[[projects]]
  digest = "1:c9c336ca4936411a991d81f976dac8abf277ac7fd9d1c8ef706e94fc7948a0f7"
  name = "github.com/microsoft/go-winio"
  packages = ["."]
  pruneopts = ""
  revision = "78439966b38d69bf38227fbf57ac8a6fee70f69a"
  version = "v0.4.5"

[[projects]]
  branch = "master"
  digest = "1:1856ee5a608d9e93667ac7811fc6360e2a9cae3ada938b3f13016c578b6d5f6e"
  name = "github.com/mitchellh/go-wordwrap"
  packages = ["."]
  pruneopts = ""
  revision = "ad45545899c7b13c020ea92b2072220eefad42b8"

[[projects]]
  branch = "master"
  digest = "1:6e61de1700bbf3fb3e23825ac7806caddd20e61f07677b640b13a5e3676c1baa"
  name = "github.com/nsf/termbox-go"
  packages = ["."]
  pruneopts = ""
  revision = "aa4a75b1c20a2b03751b1a9f7e41d58bd6f71c43"

[[projects]]
  branch = "master"
  digest = "1:8b6dabe2b35c2c776f159411ead610399c9fac15b4e808bad83c3ffa68e7fb2e"
  name = "github.com/peterh/liner"
  packages = ["."]
  pruneopts = ""
  revision = "3681c2a912330352991ecdd642f257efe5b85518"

[[projects]]
  digest = "1:7365acd48986e205ccb8652cc746f09c8b7876030d53710ea6ef7d0bd0dcd7ca"
  name = "github.com/pkg/errors"
  packages = ["."]
  pruneopts = ""
  revision = "645ef00459ed84a119197bfb8d8205042c6df63d"
  version = "v0.8.0"

[[projects]]
  digest = "1:256484dbbcd271f9ecebc6795b2df8cad4c458dd0f5fd82a8c2fa0c29f233411"
  name = "github.com/pmezard/go-difflib"
  packages = ["difflib"]
  pruneopts = ""
  revision = "792786c7400a136282c1664665ae0a8db921c6c2"
  version = "v1.0.0"

[[projects]]
  branch = "master"
  digest = "1:00606e8d0c9c0500d09ac0785aebbe51014266088810c7254347b0d048beb29e"
  name = "github.com/rcrowley/go-metrics"
  packages = ["."]
  pruneopts = ""
  revision = "e181e095bae94582363434144c61a9653aff6e50"

[[projects]]
  digest = "1:61cca430888b7a1739ef4337772b2897b3ee0b8417add8d5d3201ec661d6ee0a"
  name = "github.com/rjeczalik/notify"
  packages = ["."]
  pruneopts = ""
  revision = "c31e5f2cb22b3e4ef3f882f413847669bf2652b9"

[[projects]]
  branch = "master"
  digest = "1:1636d51a64434713f4670d3e643bc3d4bef7150ff2b6ffb28a5fee1dde382b1f"
  name = "github.com/robertkrimen/otto"
  packages = [
    ".",
    "ast",
    "dbg",
    "file",
    "parser",
    "registry",
    "token",
  ]
  pruneopts = ""
  revision = "3b44b4dcb6c00477273595c312908e2412d07da6"

[[projects]]
  digest = "1:bfc8db90e2676a2fc0d742a536f376044a9b74f2745b2c60d339eb06c6c6988a"
  name = "github.com/rs/cors"
  packages = ["."]
  pruneopts = ""
  revision = "7af7a1e09ba336d2ea14b1ce73bf693c6837dbf6"
  version = "v1.2"

[[projects]]
  digest = "1:d3e2e29bc7342053edc85e1ad751275694a96d58516f749cf3413db1a0eca2ba"
  name = "github.com/spf13/afero"
  packages = [
    ".",
    "mem",
  ]
  pruneopts = ""
  revision = "63644898a8da0bc22138abf860edaf5277b6102e"
  version = "v1.1.0"

[[projects]]
  digest = "1:c587772fb8ad29ad4db67575dad25ba17a51f072ff18a22b4f0257a4d9c24f75"
  name = "github.com/stretchr/testify"
  packages = [
    "assert",
    "require",
  ]
  pruneopts = ""
  revision = "f35b8ab0b5a2cef36673838d662e249dd9c94686"
  version = "v1.2.2"

[[projects]]
  branch = "master"
  digest = "1:5f3dad840b046c0fd591bc5145ee14473c52e9ade39467868124358ca428c454"
  name = "github.com/syndtr/goleveldb"
  packages = [
    "leveldb",
    "leveldb/cache",
    "leveldb/comparer",
    "leveldb/errors",
    "leveldb/filter",
    "leveldb/iterator",
    "leveldb/journal",
    "leveldb/memdb",
    "leveldb/opt",
    "leveldb/storage",
    "leveldb/table",
    "leveldb/util",
  ]
  pruneopts = ""
  revision = "34011bf325bce385408353a30b101fe5e923eb6e"

[[projects]]
  branch = "master"
  digest = "1:67b12f6fa6976db5167fccd7c79a0d3bd90d804211258887214207658aa904ac"
  name = "golang.org/x/crypto"
  packages = [
    "pbkdf2",
    "ripemd160",
    "scrypt",
  ]
  pruneopts = ""
  revision = "d585fd2cc9195196078f516b69daff6744ef5e84"

[[projects]]
  branch = "master"
  digest = "1:a9afbcb2b5dacde3889b77124be6abe68477a09c6da3df224cc74f5e180454e6"
  name = "golang.org/x/net"
  packages = [
    "html",
    "html/atom",
    "html/charset",
    "websocket",
  ]
  pruneopts = ""
  revision = "d866cfc389cec985d6fda2859936a575a55a3ab6"

[[projects]]
  branch = "master"
  digest = "1:134679482ac3fd5ecd60c1412510d52272e29e1085bf2dd2d7e79e2d1d38acc0"
  name = "golang.org/x/sys"
  packages = [
    "unix",
    "windows",
    "windows/registry",
  ]
  pruneopts = ""
  revision = "83801418e1b59fb1880e363299581ee543af32ca"

[[projects]]
  branch = "master"
  digest = "1:9f9562b058a594dae0c8e2388c1a802664111736845bc08885246f0e4bf99bdd"
  name = "golang.org/x/text"
  packages = [
    "encoding",
    "encoding/charmap",
    "encoding/htmlindex",
    "encoding/internal",
    "encoding/internal/identifier",
    "encoding/japanese",
    "encoding/korean",
    "encoding/simplifiedchinese",
    "encoding/traditionalchinese",
    "encoding/unicode",
    "internal/gen",
    "internal/tag",
    "internal/triegen",
    "internal/ucd",
    "internal/utf8internal",
    "language",
    "runes",
    "transform",
    "unicode/cldr",
    "unicode/norm",
  ]
  pruneopts = ""
  revision = "e19ae1496984b1c655b8044a65c0300a3c878dd3"

[[projects]]
  branch = "master"
  digest = "1:7ea74f982409f39f66611b5a55a2a082d70bb758206dc0ddb9cb98dee30717b1"
  name = "golang.org/x/tools"
  packages = [
    "go/ast/astutil",
    "imports",
  ]
  pruneopts = ""
  revision = "b451b9aaee4dcf75f9f28cddb69b9d0ed17a9752"

[[projects]]
  branch = "v1"
  digest = "1:e75566abfb876e81f00290ec153ff994c33bf8886134c1a38a9a9df5c15a2045"
  name = "gopkg.in/check.v1"
  packages = ["."]
  pruneopts = ""
  revision = "20d25e2804050c1cd24a7eea1e7a6447dd0e74ec"

[[projects]]
  digest = "1:812b8cd6b58e655c0399b001419f51442b6ca9d9cf9a9edf471a4a5ad497c767"
  name = "gopkg.in/fatih/set.v0"
  packages = ["."]
  pruneopts = ""
  revision = "57907de300222151a123d29255ed17f5ed43fad3"
  version = "v0.1.0"

[[projects]]
  branch = "v2"
  digest = "1:a585c075875ab9c344f7840a927f09f3285563f7318e761a1d61d642316f2217"
  name = "gopkg.in/karalabe/cookiejar.v2"
  packages = ["collections/prque"]
  pruneopts = ""
  revision = "8dcd6a7f4951f6ff3ee9cbb919a06d8925822e57"

[[projects]]
  branch = "v2"
  digest = "1:4f830ee018eb8c56d0def653ad7c9a1d2a053f0cef2ac6b2200f73b98fa6a681"
  name = "gopkg.in/natefinch/npipe.v2"
  packages = ["."]
  pruneopts = ""
  revision = "c1b8fa8bdccecb0b8db834ee0b92fdbcfa606dd6"

[[projects]]
  digest = "1:be5b8bdf182abbef3c4e0d0926bba912ef41b097f001259cb5d2187370bb2e5b"
  name = "gopkg.in/sourcemap.v1"
  packages = [
    ".",
    "base64vlq",
  ]
  pruneopts = ""
  revision = "6e83acea0053641eff084973fee085f0c193c61a"
  version = "v1.0.5"

[[projects]]
  digest = "1:5d54b887317db853436377b1dff74e4766cddb84f5370910e38122b2a65c7356"
  name = "gopkg.in/urfave/cli.v1"
  packages = ["."]
  pruneopts = ""
  revision = "01857ac33766ce0c93856370626f9799281c14f4"

[solve-meta]
  analyzer-name = "dep"
  analyzer-version = 1
  input-imports = [
    "github.com/ETCDEVTeam/sputnikvm-ffi/go/sputnikvm",
    "github.com/apex/log",
    "github.com/boltdb/bolt",
    "github.com/davecgh/go-spew/spew",
    "github.com/denisbrodbeck/machineid",
    "github.com/edsrzf/mmap-go",
    "github.com/ethereum/go-ethereum/accounts",
    "github.com/ethereum/go-ethereum/common",
    "github.com/ethereum/go-ethereum/common/bitutil",
    "github.com/ethereum/go-ethereum/common/hexutil",
    "github.com/ethereum/go-ethereum/common/math",
    "github.com/ethereum/go-ethereum/consensus",
    "github.com/ethereum/go-ethereum/consensus/misc",
    "github.com/ethereum/go-ethereum/core",
    "github.com/ethereum/go-ethereum/core/rawdb",
    "github.com/ethereum/go-ethereum/core/state",
    "github.com/ethereum/go-ethereum/core/types",
    "github.com/ethereum/go-ethereum/crypto",
    "github.com/ethereum/go-ethereum/crypto/sha3",
    "github.com/ethereum/go-ethereum/ethdb",
    "github.com/ethereum/go-ethereum/log",
    "github.com/ethereum/go-ethereum/metrics",
    "github.com/ethereum/go-ethereum/params",
    "github.com/ethereum/go-ethereum/rlp",
    "github.com/ethereum/go-ethereum/rpc",
    "github.com/ethereumproject/benchmark/rtprof",
    "github.com/ethereumproject/ethash",
    "github.com/fatih/color",
    "github.com/gizak/termui",
    "github.com/hashicorp/golang-lru",
    "github.com/hashicorp/golang-lru/simplelru",
    "github.com/huin/goupnp",
    "github.com/huin/goupnp/dcps/internetgateway1",
    "github.com/huin/goupnp/dcps/internetgateway2",
    "github.com/huin/goupnp/httpu",
    "github.com/jackpal/go-nat-pmp",
    "github.com/mailru/easyjson",
    "github.com/mailru/easyjson/jlexer",
    "github.com/mailru/easyjson/jwriter",
    "github.com/microsoft/go-winio",
    "github.com/peterh/liner",
    "github.com/rcrowley/go-metrics",
    "github.com/rjeczalik/notify",
    "github.com/robertkrimen/otto",
    "github.com/rs/cors",
    "github.com/spf13/afero",
    "github.com/stretchr/testify/require",
    "github.com/syndtr/goleveldb/leveldb",
    "github.com/syndtr/goleveldb/leveldb/errors",
    "github.com/syndtr/goleveldb/leveldb/filter",
    "github.com/syndtr/goleveldb/leveldb/iterator",
    "github.com/syndtr/goleveldb/leveldb/opt",
    "github.com/syndtr/goleveldb/leveldb/storage",
    "github.com/syndtr/goleveldb/leveldb/util",
    "golang.org/x/crypto/pbkdf2",
    "golang.org/x/crypto/ripemd160",
    "golang.org/x/crypto/scrypt",
    "golang.org/x/net/websocket",
    "golang.org/x/tools/imports",
    "gopkg.in/check.v1",
    "gopkg.in/fatih/set.v0",
    "gopkg.in/karalabe/cookiejar.v2/collections/prque",
    "gopkg.in/urfave/cli.v1",
  ]
  solver-name = "gps-cdcl"
  solver-version = 1
